
Microsoft Visual Studio Solution File, Format Version 12.00
# Visual Studio Version 17
VisualStudioVersion = 17.14.36414.22 d17.14
MinimumVisualStudioVersion = 10.0.40219.1
Project("{FAE04EC0-301F-11D3-BF4B-00C04F79EFBC}") = "Jeffrey-Malo_MultileaseTDD", "Jeffrey-Malo_MultileaseTDD\Jeffrey-Malo_MultileaseTDD.csproj", "{FCD8DE08-765E-44AC-B281-A47AF5B46489}"
EndProject
Global
	GlobalSection(SolutionConfigurationPlatforms) = preSolution
		Debug|Any CPU = Debug|Any CPU
		Release|Any CPU = Release|Any CPU
	EndGlobalSection
	GlobalSection(ProjectConfigurationPlatforms) = postSolution
		{FCD8DE08-765E-44AC-B281-A47AF5B46489}.Debug|Any CPU.ActiveCfg = Debug|Any CPU
		{FCD8DE08-765E-44AC-B281-A47AF5B46489}.Debug|Any CPU.Build.0 = Debug|Any CPU
		{FCD8DE08-765E-44AC-B281-A47AF5B46489}.Release|Any CPU.ActiveCfg = Release|Any CPU
		{FCD8DE08-765E-44AC-B281-A47AF5B46489}.Release|Any CPU.Build.0 = Release|Any CPU
	EndGlobalSection
	GlobalSection(SolutionProperties) = preSolution
		HideSolutionNode = FALSE
	EndGlobalSection
	GlobalSection(ExtensibilityGlobals) = postSolution
		SolutionGuid = {2A77AA7B-D16A-445B-8ECB-C34D5C882358}
	EndGlobalSection
EndGlobal
